# THIS IS AN AUTOGENERATED FILE. DO NOT EDIT THIS FILE DIRECTLY.
# yarn lockfile v1


"@vertx/auth-common@3.9.4":
  version "3.9.4"
  resolved "https://registry.npm.taobao.org/@vertx/auth-common/download/@vertx/auth-common-3.9.4.tgz#07ec39fb25cf145bdaaadee7f33643285675dd2d"
  integrity sha1-B+w5+yXPFFvaqt7n8zZDKFZ13S0=
  dependencies:
    "@vertx/core" "3.9.4"

"@vertx/auth-jwt@^3.9.1":
  version "3.9.4"
  resolved "https://registry.npm.taobao.org/@vertx/auth-jwt/download/@vertx/auth-jwt-3.9.4.tgz#9e3dd784b0e21be7c7e42d3e6a270f9f6f95a258"
  integrity sha1-nj3XhLDiG+fH5C0+aicPn2+Volg=
  dependencies:
    "@vertx/auth-common" "3.9.4"
    "@vertx/core" "3.9.4"
    "@vertx/jwt" "3.9.4"

"@vertx/bridge-common@3.9.4":
  version "3.9.4"
  resolved "https://registry.npm.taobao.org/@vertx/bridge-common/download/@vertx/bridge-common-3.9.4.tgz#e230ec2ec677d4310158ae879148a5a6c28ad4b8"
  integrity sha1-4jDsLsZ31DEBWK6HkUilpsKK1Lg=
  dependencies:
    "@vertx/core" "3.9.4"

"@vertx/core@3.9.4", "@vertx/core@^3.9.1":
  version "3.9.4"
  resolved "https://registry.npm.taobao.org/@vertx/core/download/@vertx/core-3.9.4.tgz#cbaf8a58b3b0c7934cb9c3fed01b72447174e40f"
  integrity sha1-y6+KWLOwx5NMucP+0BtyRHF05A8=

"@vertx/jwt@3.9.4":
  version "3.9.4"
  resolved "https://registry.npm.taobao.org/@vertx/jwt/download/@vertx/jwt-3.9.4.tgz#8ab892170af8d2f2f4f06d7af464776c8ae2a27f"
  integrity sha1-iriSFwr40vL08G169GR3bIrion8=
  dependencies:
    "@vertx/core" "3.9.4"

"@vertx/kafka-client@^3.9.1":
  version "3.9.4"
  resolved "https://registry.npm.taobao.org/@vertx/kafka-client/download/@vertx/kafka-client-3.9.4.tgz#0692b39f29598a5bcff429df6bf8f522d8e54aa2"
  integrity sha1-BpKznylZilvP9Cnfa/j1ItjlSqI=
  dependencies:
    "@vertx/core" "3.9.4"

"@vertx/mysql-postgresql-client@^3.9.1":
  version "3.9.4"
  resolved "https://registry.npm.taobao.org/@vertx/mysql-postgresql-client/download/@vertx/mysql-postgresql-client-3.9.4.tgz#88b8da96a58237ff6627cbe4c28516bc3c42d541"
  integrity sha1-iLjalqWCN/9mJ8vkwoUWvDxC1UE=
  dependencies:
    "@vertx/core" "3.9.4"
    "@vertx/sql-common" "3.9.4"

"@vertx/redis-client@^3.9.1":
  version "3.9.4"
  resolved "https://registry.npm.taobao.org/@vertx/redis-client/download/@vertx/redis-client-3.9.4.tgz#b846c29376603f42a98704cb0f022067817c741b"
  integrity sha1-uEbCk3ZgP0KphwTLDwIgZ4F8dBs=
  dependencies:
    "@vertx/core" "3.9.4"

"@vertx/sql-common@3.9.4":
  version "3.9.4"
  resolved "https://registry.npm.taobao.org/@vertx/sql-common/download/@vertx/sql-common-3.9.4.tgz#926d9bcb4ab140f7bbc55baec137878473b64d26"
  integrity sha1-km2by0qxQPe7xVuuwTeHhHO2TSY=
  dependencies:
    "@vertx/core" "3.9.4"

"@vertx/unit@^3.9.1":
  version "3.9.4"
  resolved "https://registry.npm.taobao.org/@vertx/unit/download/@vertx/unit-3.9.4.tgz#cc9c7d0cf1793f2f6315e77da6291025d7f1563a"
  integrity sha1-zJx9DPF5Py9jFed9pikQJdfxVjo=
  dependencies:
    "@vertx/core" "3.9.4"

"@vertx/web-common@3.9.4":
  version "3.9.4"
  resolved "https://registry.npm.taobao.org/@vertx/web-common/download/@vertx/web-common-3.9.4.tgz#cbe9537343720b53193ef5faf14789b3d4c1b397"
  integrity sha1-y+lTc0NyC1MZPvX68UeJs9TBs5c=
  dependencies:
    "@vertx/core" "3.9.4"

"@vertx/web@^3.9.1":
  version "3.9.4"
  resolved "https://registry.npm.taobao.org/@vertx/web/download/@vertx/web-3.9.4.tgz#018d5a383732a173b6fb8d402495882cd8fd255e"
  integrity sha1-AY1aODcyoXO2+41AJJWILNj9JV4=
  dependencies:
    "@vertx/auth-common" "3.9.4"
    "@vertx/bridge-common" "3.9.4"
    "@vertx/core" "3.9.4"
    "@vertx/web-common" "3.9.4"

es4x-pm@^0.12.0:
  version "0.12.0"
  resolved "https://registry.npm.taobao.org/es4x-pm/download/es4x-pm-0.12.0.tgz#05fb22f5390c4041835086f70a45d31b41b66ae9"
  integrity sha1-Bfsi9TkMQEGDUIb3CkXTG0G2auk=
